{
  "version": 4,
  "terraform_version": "0.12.29",
  "serial": 203,
  "lineage": "21d22293-e33c-d6e2-8a00-252b98e1ebd2",
  "outputs": {},
  "resources": [
    {
      "mode": "managed",
      "type": "azurerm_network_interface",
      "name": "nic-balanceador",
      "provider": "provider.azurerm",
      "instances": [
        {
          "schema_version": 0,
          "attributes": {
            "applied_dns_servers": [],
            "dns_servers": [],
            "enable_accelerated_networking": false,
            "enable_ip_forwarding": false,
            "id": "/subscriptions/f14a2862-f0f0-4a3a-83c3-6eaef8dd83bc/resourceGroups/devops-resources/providers/Microsoft.Network/networkInterfaces/devops-nic-balanceador",
            "internal_dns_name_label": "",
            "internal_domain_name_suffix": "dhdog5xxzh4e1mza2gkzqtjvef.xx.internal.cloudapp.net",
            "ip_configuration": [
              {
                "name": "ipc-balanceador",
                "primary": true,
                "private_ip_address": "10.0.1.4",
                "private_ip_address_allocation": "Dynamic",
                "private_ip_address_version": "IPv4",
                "public_ip_address_id": "/subscriptions/f14a2862-f0f0-4a3a-83c3-6eaef8dd83bc/resourceGroups/devops-resources/providers/Microsoft.Network/publicIPAddresses/devops-pip-balanceador",
                "subnet_id": "/subscriptions/f14a2862-f0f0-4a3a-83c3-6eaef8dd83bc/resourceGroups/devops-resources/providers/Microsoft.Network/virtualNetworks/devops-network/subnets/devops-sn-balanceador"
              }
            ],
            "location": "westus2",
            "mac_address": "00-0D-3A-C6-5F-92",
            "name": "devops-nic-balanceador",
            "private_ip_address": "10.0.1.4",
            "private_ip_addresses": [
              "10.0.1.4"
            ],
            "resource_group_name": "devops-resources",
            "tags": {},
            "timeouts": null,
            "virtual_machine_id": "/subscriptions/f14a2862-f0f0-4a3a-83c3-6eaef8dd83bc/resourceGroups/devops-resources/providers/Microsoft.Compute/virtualMachines/devops-vm-balanceador"
          },
          "private": "eyJlMmJmYjczMC1lY2FhLTExZTYtOGY4OC0zNDM2M2JjN2M0YzAiOnsiY3JlYXRlIjoxODAwMDAwMDAwMDAwLCJkZWxldGUiOjE4MDAwMDAwMDAwMDAsInJlYWQiOjMwMDAwMDAwMDAwMCwidXBkYXRlIjoxODAwMDAwMDAwMDAwfX0=",
          "dependencies": [
            "azurerm_public_ip.pip-balanceador",
            "azurerm_resource_group.rg",
            "azurerm_subnet.sn-balanceador",
            "azurerm_virtual_network.vn"
          ]
        }
      ]
    },
    {
      "mode": "managed",
      "type": "azurerm_network_interface",
      "name": "nic-k8s-master",
      "provider": "provider.azurerm",
      "instances": [
        {
          "schema_version": 0,
          "attributes": {
            "applied_dns_servers": [],
            "dns_servers": [],
            "enable_accelerated_networking": false,
            "enable_ip_forwarding": false,
            "id": "/subscriptions/f14a2862-f0f0-4a3a-83c3-6eaef8dd83bc/resourceGroups/devops-k8s-resources/providers/Microsoft.Network/networkInterfaces/devops-k8s-nic-k8s-master",
            "internal_dns_name_label": "",
            "internal_domain_name_suffix": "sxjqfjphw5jejdy1bygkkxy45c.gx.internal.cloudapp.net",
            "ip_configuration": [
              {
                "name": "ipc-k8s-master",
                "primary": true,
                "private_ip_address": "10.0.2.5",
                "private_ip_address_allocation": "Dynamic",
                "private_ip_address_version": "IPv4",
                "public_ip_address_id": "/subscriptions/f14a2862-f0f0-4a3a-83c3-6eaef8dd83bc/resourceGroups/devops-k8s-resources/providers/Microsoft.Network/publicIPAddresses/devops-k8s-pip-k8s",
                "subnet_id": "/subscriptions/f14a2862-f0f0-4a3a-83c3-6eaef8dd83bc/resourceGroups/devops-k8s-resources/providers/Microsoft.Network/virtualNetworks/devops-k8s-network/subnets/devops-k8s-sn-k8s"
              }
            ],
            "location": "centralus",
            "mac_address": "00-0D-3A-A5-47-A6",
            "name": "devops-k8s-nic-k8s-master",
            "private_ip_address": "10.0.2.5",
            "private_ip_addresses": [
              "10.0.2.5"
            ],
            "resource_group_name": "devops-k8s-resources",
            "tags": {},
            "timeouts": null,
            "virtual_machine_id": "/subscriptions/f14a2862-f0f0-4a3a-83c3-6eaef8dd83bc/resourceGroups/devops-k8s-resources/providers/Microsoft.Compute/virtualMachines/devops-k8s-vm-master"
          },
          "private": "eyJlMmJmYjczMC1lY2FhLTExZTYtOGY4OC0zNDM2M2JjN2M0YzAiOnsiY3JlYXRlIjoxODAwMDAwMDAwMDAwLCJkZWxldGUiOjE4MDAwMDAwMDAwMDAsInJlYWQiOjMwMDAwMDAwMDAwMCwidXBkYXRlIjoxODAwMDAwMDAwMDAwfX0=",
          "dependencies": [
            "azurerm_public_ip.pip-k8s",
            "azurerm_resource_group.rg-k8s",
            "azurerm_subnet.sn-k8s",
            "azurerm_virtual_network.vn-k8s"
          ]
        }
      ]
    },
    {
      "mode": "managed",
      "type": "azurerm_network_interface",
      "name": "nic-k8s-node",
      "provider": "provider.azurerm",
      "instances": [
        {
          "schema_version": 0,
          "attributes": {
            "applied_dns_servers": [],
            "dns_servers": [],
            "enable_accelerated_networking": false,
            "enable_ip_forwarding": false,
            "id": "/subscriptions/f14a2862-f0f0-4a3a-83c3-6eaef8dd83bc/resourceGroups/devops-k8s-resources/providers/Microsoft.Network/networkInterfaces/devops-k8s-nic-k8s-node",
            "internal_dns_name_label": "",
            "internal_domain_name_suffix": "sxjqfjphw5jejdy1bygkkxy45c.gx.internal.cloudapp.net",
            "ip_configuration": [
              {
                "name": "ipc-k8s-node",
                "primary": true,
                "private_ip_address": "10.0.2.4",
                "private_ip_address_allocation": "Dynamic",
                "private_ip_address_version": "IPv4",
                "public_ip_address_id": "",
                "subnet_id": "/subscriptions/f14a2862-f0f0-4a3a-83c3-6eaef8dd83bc/resourceGroups/devops-k8s-resources/providers/Microsoft.Network/virtualNetworks/devops-k8s-network/subnets/devops-k8s-sn-k8s"
              }
            ],
            "location": "centralus",
            "mac_address": "00-0D-3A-A4-63-52",
            "name": "devops-k8s-nic-k8s-node",
            "private_ip_address": "10.0.2.4",
            "private_ip_addresses": [
              "10.0.2.4"
            ],
            "resource_group_name": "devops-k8s-resources",
            "tags": {},
            "timeouts": null,
            "virtual_machine_id": "/subscriptions/f14a2862-f0f0-4a3a-83c3-6eaef8dd83bc/resourceGroups/devops-k8s-resources/providers/Microsoft.Compute/virtualMachines/devops-k8s-vm-node"
          },
          "private": "eyJlMmJmYjczMC1lY2FhLTExZTYtOGY4OC0zNDM2M2JjN2M0YzAiOnsiY3JlYXRlIjoxODAwMDAwMDAwMDAwLCJkZWxldGUiOjE4MDAwMDAwMDAwMDAsInJlYWQiOjMwMDAwMDAwMDAwMCwidXBkYXRlIjoxODAwMDAwMDAwMDAwfX0=",
          "dependencies": [
            "azurerm_resource_group.rg-k8s",
            "azurerm_subnet.sn-k8s",
            "azurerm_virtual_network.vn-k8s"
          ]
        }
      ]
    },
    {
      "mode": "managed",
      "type": "azurerm_network_interface",
      "name": "nic-monitoring",
      "provider": "provider.azurerm",
      "instances": [
        {
          "schema_version": 0,
          "attributes": {
            "applied_dns_servers": [],
            "dns_servers": [],
            "enable_accelerated_networking": false,
            "enable_ip_forwarding": false,
            "id": "/subscriptions/f14a2862-f0f0-4a3a-83c3-6eaef8dd83bc/resourceGroups/devops-resources/providers/Microsoft.Network/networkInterfaces/devops-nic-monitoring",
            "internal_dns_name_label": "",
            "internal_domain_name_suffix": "dhdog5xxzh4e1mza2gkzqtjvef.xx.internal.cloudapp.net",
            "ip_configuration": [
              {
                "name": "ipc-monitoring",
                "primary": true,
                "private_ip_address": "10.0.3.4",
                "private_ip_address_allocation": "Dynamic",
                "private_ip_address_version": "IPv4",
                "public_ip_address_id": "",
                "subnet_id": "/subscriptions/f14a2862-f0f0-4a3a-83c3-6eaef8dd83bc/resourceGroups/devops-resources/providers/Microsoft.Network/virtualNetworks/devops-network/subnets/devops-sn-monitoring"
              }
            ],
            "location": "westus2",
            "mac_address": "00-0D-3A-C2-CA-B1",
            "name": "devops-nic-monitoring",
            "private_ip_address": "10.0.3.4",
            "private_ip_addresses": [
              "10.0.3.4"
            ],
            "resource_group_name": "devops-resources",
            "tags": {},
            "timeouts": null,
            "virtual_machine_id": "/subscriptions/f14a2862-f0f0-4a3a-83c3-6eaef8dd83bc/resourceGroups/devops-resources/providers/Microsoft.Compute/virtualMachines/devops-vm-monitoring"
          },
          "private": "eyJlMmJmYjczMC1lY2FhLTExZTYtOGY4OC0zNDM2M2JjN2M0YzAiOnsiY3JlYXRlIjoxODAwMDAwMDAwMDAwLCJkZWxldGUiOjE4MDAwMDAwMDAwMDAsInJlYWQiOjMwMDAwMDAwMDAwMCwidXBkYXRlIjoxODAwMDAwMDAwMDAwfX0=",
          "dependencies": [
            "azurerm_resource_group.rg",
            "azurerm_subnet.sn-monitoring",
            "azurerm_virtual_network.vn"
          ]
        }
      ]
    },
    {
      "mode": "managed",
      "type": "azurerm_network_security_group",
      "name": "sg-k8s",
      "provider": "provider.azurerm",
      "instances": [
        {
          "schema_version": 0,
          "attributes": {
            "id": "/subscriptions/f14a2862-f0f0-4a3a-83c3-6eaef8dd83bc/resourceGroups/devops-k8s-resources/providers/Microsoft.Network/networkSecurityGroups/devops-k8s-sg-k8s",
            "location": "centralus",
            "name": "devops-k8s-sg-k8s",
            "resource_group_name": "devops-k8s-resources",
            "security_rule": [
              {
                "access": "Allow",
                "description": "",
                "destination_address_prefix": "*",
                "destination_address_prefixes": [],
                "destination_application_security_group_ids": [],
                "destination_port_range": "22",
                "destination_port_ranges": [],
                "direction": "Inbound",
                "name": "ssh-access-rule",
                "priority": 200,
                "protocol": "Tcp",
                "source_address_prefix": "20.36.27.196",
                "source_address_prefixes": [],
                "source_application_security_group_ids": [],
                "source_port_range": "*",
                "source_port_ranges": []
              }
            ],
            "tags": {},
            "timeouts": null
          },
          "private": "eyJlMmJmYjczMC1lY2FhLTExZTYtOGY4OC0zNDM2M2JjN2M0YzAiOnsiY3JlYXRlIjoxODAwMDAwMDAwMDAwLCJkZWxldGUiOjE4MDAwMDAwMDAwMDAsInJlYWQiOjMwMDAwMDAwMDAwMCwidXBkYXRlIjoxODAwMDAwMDAwMDAwfX0=",
          "dependencies": [
            "azurerm_public_ip.pip-balanceador",
            "azurerm_resource_group.rg-k8s"
          ]
        }
      ]
    },
    {
      "mode": "managed",
      "type": "azurerm_public_ip",
      "name": "pip-balanceador",
      "provider": "provider.azurerm",
      "instances": [
        {
          "schema_version": 0,
          "attributes": {
            "allocation_method": "Dynamic",
            "domain_name_label": null,
            "fqdn": null,
            "id": "/subscriptions/f14a2862-f0f0-4a3a-83c3-6eaef8dd83bc/resourceGroups/devops-resources/providers/Microsoft.Network/publicIPAddresses/devops-pip-balanceador",
            "idle_timeout_in_minutes": 4,
            "ip_address": "20.36.27.196",
            "ip_version": "IPv4",
            "location": "westus2",
            "name": "devops-pip-balanceador",
            "public_ip_prefix_id": null,
            "resource_group_name": "devops-resources",
            "reverse_fqdn": null,
            "sku": "Basic",
            "tags": {},
            "timeouts": null,
            "zones": []
          },
          "private": "eyJlMmJmYjczMC1lY2FhLTExZTYtOGY4OC0zNDM2M2JjN2M0YzAiOnsiY3JlYXRlIjoxODAwMDAwMDAwMDAwLCJkZWxldGUiOjE4MDAwMDAwMDAwMDAsInJlYWQiOjMwMDAwMDAwMDAwMCwidXBkYXRlIjoxODAwMDAwMDAwMDAwfX0=",
          "dependencies": [
            "azurerm_resource_group.rg"
          ]
        }
      ]
    },
    {
      "mode": "managed",
      "type": "azurerm_public_ip",
      "name": "pip-k8s",
      "provider": "provider.azurerm",
      "instances": [
        {
          "schema_version": 0,
          "attributes": {
            "allocation_method": "Dynamic",
            "domain_name_label": null,
            "fqdn": null,
            "id": "/subscriptions/f14a2862-f0f0-4a3a-83c3-6eaef8dd83bc/resourceGroups/devops-k8s-resources/providers/Microsoft.Network/publicIPAddresses/devops-k8s-pip-k8s",
            "idle_timeout_in_minutes": 4,
            "ip_address": "40.122.165.41",
            "ip_version": "IPv4",
            "location": "centralus",
            "name": "devops-k8s-pip-k8s",
            "public_ip_prefix_id": null,
            "resource_group_name": "devops-k8s-resources",
            "reverse_fqdn": null,
            "sku": "Basic",
            "tags": {},
            "timeouts": null,
            "zones": []
          },
          "private": "eyJlMmJmYjczMC1lY2FhLTExZTYtOGY4OC0zNDM2M2JjN2M0YzAiOnsiY3JlYXRlIjoxODAwMDAwMDAwMDAwLCJkZWxldGUiOjE4MDAwMDAwMDAwMDAsInJlYWQiOjMwMDAwMDAwMDAwMCwidXBkYXRlIjoxODAwMDAwMDAwMDAwfX0=",
          "dependencies": [
            "azurerm_resource_group.rg-k8s"
          ]
        }
      ]
    },
    {
      "mode": "managed",
      "type": "azurerm_resource_group",
      "name": "rg",
      "provider": "provider.azurerm",
      "instances": [
        {
          "schema_version": 0,
          "attributes": {
            "id": "/subscriptions/f14a2862-f0f0-4a3a-83c3-6eaef8dd83bc/resourceGroups/devops-resources",
            "location": "westus2",
            "name": "devops-resources",
            "tags": {},
            "timeouts": null
          },
          "private": "eyJlMmJmYjczMC1lY2FhLTExZTYtOGY4OC0zNDM2M2JjN2M0YzAiOnsiY3JlYXRlIjo1NDAwMDAwMDAwMDAwLCJkZWxldGUiOjU0MDAwMDAwMDAwMDAsInJlYWQiOjMwMDAwMDAwMDAwMCwidXBkYXRlIjo1NDAwMDAwMDAwMDAwfX0="
        }
      ]
    },
    {
      "mode": "managed",
      "type": "azurerm_resource_group",
      "name": "rg-k8s",
      "provider": "provider.azurerm",
      "instances": [
        {
          "schema_version": 0,
          "attributes": {
            "id": "/subscriptions/f14a2862-f0f0-4a3a-83c3-6eaef8dd83bc/resourceGroups/devops-k8s-resources",
            "location": "centralus",
            "name": "devops-k8s-resources",
            "tags": {},
            "timeouts": null
          },
          "private": "eyJlMmJmYjczMC1lY2FhLTExZTYtOGY4OC0zNDM2M2JjN2M0YzAiOnsiY3JlYXRlIjo1NDAwMDAwMDAwMDAwLCJkZWxldGUiOjU0MDAwMDAwMDAwMDAsInJlYWQiOjMwMDAwMDAwMDAwMCwidXBkYXRlIjo1NDAwMDAwMDAwMDAwfX0="
        }
      ]
    },
    {
      "mode": "managed",
      "type": "azurerm_subnet",
      "name": "sn-balanceador",
      "provider": "provider.azurerm",
      "instances": [
        {
          "schema_version": 0,
          "attributes": {
            "address_prefix": "10.0.1.0/24",
            "address_prefixes": [
              "10.0.1.0/24"
            ],
            "delegation": [],
            "enforce_private_link_endpoint_network_policies": false,
            "enforce_private_link_service_network_policies": false,
            "id": "/subscriptions/f14a2862-f0f0-4a3a-83c3-6eaef8dd83bc/resourceGroups/devops-resources/providers/Microsoft.Network/virtualNetworks/devops-network/subnets/devops-sn-balanceador",
            "name": "devops-sn-balanceador",
            "resource_group_name": "devops-resources",
            "service_endpoints": [],
            "timeouts": null,
            "virtual_network_name": "devops-network"
          },
          "private": "eyJlMmJmYjczMC1lY2FhLTExZTYtOGY4OC0zNDM2M2JjN2M0YzAiOnsiY3JlYXRlIjoxODAwMDAwMDAwMDAwLCJkZWxldGUiOjE4MDAwMDAwMDAwMDAsInJlYWQiOjMwMDAwMDAwMDAwMCwidXBkYXRlIjoxODAwMDAwMDAwMDAwfX0=",
          "dependencies": [
            "azurerm_resource_group.rg",
            "azurerm_virtual_network.vn"
          ]
        }
      ]
    },
    {
      "mode": "managed",
      "type": "azurerm_subnet",
      "name": "sn-k8s",
      "provider": "provider.azurerm",
      "instances": [
        {
          "schema_version": 0,
          "attributes": {
            "address_prefix": "10.0.2.0/24",
            "address_prefixes": [
              "10.0.2.0/24"
            ],
            "delegation": [],
            "enforce_private_link_endpoint_network_policies": false,
            "enforce_private_link_service_network_policies": false,
            "id": "/subscriptions/f14a2862-f0f0-4a3a-83c3-6eaef8dd83bc/resourceGroups/devops-k8s-resources/providers/Microsoft.Network/virtualNetworks/devops-k8s-network/subnets/devops-k8s-sn-k8s",
            "name": "devops-k8s-sn-k8s",
            "resource_group_name": "devops-k8s-resources",
            "service_endpoints": [],
            "timeouts": null,
            "virtual_network_name": "devops-k8s-network"
          },
          "private": "eyJlMmJmYjczMC1lY2FhLTExZTYtOGY4OC0zNDM2M2JjN2M0YzAiOnsiY3JlYXRlIjoxODAwMDAwMDAwMDAwLCJkZWxldGUiOjE4MDAwMDAwMDAwMDAsInJlYWQiOjMwMDAwMDAwMDAwMCwidXBkYXRlIjoxODAwMDAwMDAwMDAwfX0=",
          "dependencies": [
            "azurerm_resource_group.rg-k8s",
            "azurerm_virtual_network.vn-k8s"
          ]
        }
      ]
    },
    {
      "mode": "managed",
      "type": "azurerm_subnet",
      "name": "sn-monitoring",
      "provider": "provider.azurerm",
      "instances": [
        {
          "schema_version": 0,
          "attributes": {
            "address_prefix": "10.0.3.0/24",
            "address_prefixes": [
              "10.0.3.0/24"
            ],
            "delegation": [],
            "enforce_private_link_endpoint_network_policies": false,
            "enforce_private_link_service_network_policies": false,
            "id": "/subscriptions/f14a2862-f0f0-4a3a-83c3-6eaef8dd83bc/resourceGroups/devops-resources/providers/Microsoft.Network/virtualNetworks/devops-network/subnets/devops-sn-monitoring",
            "name": "devops-sn-monitoring",
            "resource_group_name": "devops-resources",
            "service_endpoints": [],
            "timeouts": null,
            "virtual_network_name": "devops-network"
          },
          "private": "eyJlMmJmYjczMC1lY2FhLTExZTYtOGY4OC0zNDM2M2JjN2M0YzAiOnsiY3JlYXRlIjoxODAwMDAwMDAwMDAwLCJkZWxldGUiOjE4MDAwMDAwMDAwMDAsInJlYWQiOjMwMDAwMDAwMDAwMCwidXBkYXRlIjoxODAwMDAwMDAwMDAwfX0=",
          "dependencies": [
            "azurerm_resource_group.rg",
            "azurerm_virtual_network.vn"
          ]
        }
      ]
    },
    {
      "mode": "managed",
      "type": "azurerm_subnet_network_security_group_association",
      "name": "sga-k8s",
      "provider": "provider.azurerm",
      "instances": [
        {
          "schema_version": 0,
          "attributes": {
            "id": "/subscriptions/f14a2862-f0f0-4a3a-83c3-6eaef8dd83bc/resourceGroups/devops-k8s-resources/providers/Microsoft.Network/virtualNetworks/devops-k8s-network/subnets/devops-k8s-sn-k8s",
            "network_security_group_id": "/subscriptions/f14a2862-f0f0-4a3a-83c3-6eaef8dd83bc/resourceGroups/devops-k8s-resources/providers/Microsoft.Network/networkSecurityGroups/devops-k8s-sg-k8s",
            "subnet_id": "/subscriptions/f14a2862-f0f0-4a3a-83c3-6eaef8dd83bc/resourceGroups/devops-k8s-resources/providers/Microsoft.Network/virtualNetworks/devops-k8s-network/subnets/devops-k8s-sn-k8s",
            "timeouts": null
          },
          "private": "eyJlMmJmYjczMC1lY2FhLTExZTYtOGY4OC0zNDM2M2JjN2M0YzAiOnsiY3JlYXRlIjoxODAwMDAwMDAwMDAwLCJkZWxldGUiOjE4MDAwMDAwMDAwMDAsInJlYWQiOjMwMDAwMDAwMDAwMCwidXBkYXRlIjoxODAwMDAwMDAwMDAwfX0=",
          "dependencies": [
            "azurerm_network_security_group.sg-k8s",
            "azurerm_subnet.sn-k8s"
          ]
        }
      ]
    },
    {
      "mode": "managed",
      "type": "azurerm_virtual_machine",
      "name": "vm-balanceador",
      "provider": "provider.azurerm",
      "instances": [
        {
          "schema_version": 0,
          "attributes": {
            "additional_capabilities": [],
            "availability_set_id": null,
            "boot_diagnostics": [],
            "delete_data_disks_on_termination": false,
            "delete_os_disk_on_termination": false,
            "id": "/subscriptions/f14a2862-f0f0-4a3a-83c3-6eaef8dd83bc/resourceGroups/devops-resources/providers/Microsoft.Compute/virtualMachines/devops-vm-balanceador",
            "identity": [],
            "license_type": null,
            "location": "westus2",
            "name": "devops-vm-balanceador",
            "network_interface_ids": [
              "/subscriptions/f14a2862-f0f0-4a3a-83c3-6eaef8dd83bc/resourceGroups/devops-resources/providers/Microsoft.Network/networkInterfaces/devops-nic-balanceador"
            ],
            "os_profile": [
              {
                "admin_password": "",
                "admin_username": "alfredo",
                "computer_name": "vm-balanceador",
                "custom_data": ""
              }
            ],
            "os_profile_linux_config": [
              {
                "disable_password_authentication": false,
                "ssh_keys": []
              }
            ],
            "os_profile_secrets": [],
            "os_profile_windows_config": [],
            "plan": [],
            "primary_network_interface_id": null,
            "proximity_placement_group_id": null,
            "resource_group_name": "devops-resources",
            "storage_data_disk": [],
            "storage_image_reference": [
              {
                "id": "",
                "offer": "UbuntuServer",
                "publisher": "Canonical",
                "sku": "16.04-LTS",
                "version": "latest"
              }
            ],
            "storage_os_disk": [
              {
                "caching": "ReadWrite",
                "create_option": "FromImage",
                "disk_size_gb": 30,
                "image_uri": "",
                "managed_disk_id": "/subscriptions/f14a2862-f0f0-4a3a-83c3-6eaef8dd83bc/resourceGroups/DEVOPS-RESOURCES/providers/Microsoft.Compute/disks/myosdisk",
                "managed_disk_type": "Standard_LRS",
                "name": "myosdisk",
                "os_type": "Linux",
                "vhd_uri": "",
                "write_accelerator_enabled": false
              }
            ],
            "tags": {
              "environment": "staging"
            },
            "timeouts": null,
            "vm_size": "Standard_DS1_v2",
            "zones": []
          },
          "private": "eyJlMmJmYjczMC1lY2FhLTExZTYtOGY4OC0zNDM2M2JjN2M0YzAiOnsiY3JlYXRlIjozNjAwMDAwMDAwMDAwLCJkZWxldGUiOjM2MDAwMDAwMDAwMDAsInJlYWQiOjMwMDAwMDAwMDAwMCwidXBkYXRlIjozNjAwMDAwMDAwMDAwfX0=",
          "dependencies": [
            "azurerm_network_interface.nic-balanceador",
            "azurerm_public_ip.pip-balanceador",
            "azurerm_resource_group.rg",
            "azurerm_subnet.sn-balanceador",
            "azurerm_virtual_network.vn"
          ]
        }
      ]
    },
    {
      "mode": "managed",
      "type": "azurerm_virtual_machine",
      "name": "vm-master",
      "provider": "provider.azurerm",
      "instances": [
        {
          "schema_version": 0,
          "attributes": {
            "additional_capabilities": [],
            "availability_set_id": null,
            "boot_diagnostics": [],
            "delete_data_disks_on_termination": false,
            "delete_os_disk_on_termination": false,
            "id": "/subscriptions/f14a2862-f0f0-4a3a-83c3-6eaef8dd83bc/resourceGroups/devops-k8s-resources/providers/Microsoft.Compute/virtualMachines/devops-k8s-vm-master",
            "identity": [],
            "license_type": null,
            "location": "centralus",
            "name": "devops-k8s-vm-master",
            "network_interface_ids": [
              "/subscriptions/f14a2862-f0f0-4a3a-83c3-6eaef8dd83bc/resourceGroups/devops-k8s-resources/providers/Microsoft.Network/networkInterfaces/devops-k8s-nic-k8s-master"
            ],
            "os_profile": [
              {
                "admin_password": "",
                "admin_username": "alfredo",
                "computer_name": "vm-master",
                "custom_data": ""
              }
            ],
            "os_profile_linux_config": [
              {
                "disable_password_authentication": false,
                "ssh_keys": []
              }
            ],
            "os_profile_secrets": [],
            "os_profile_windows_config": [],
            "plan": [],
            "primary_network_interface_id": null,
            "proximity_placement_group_id": null,
            "resource_group_name": "devops-k8s-resources",
            "storage_data_disk": [],
            "storage_image_reference": [
              {
                "id": "",
                "offer": "UbuntuServer",
                "publisher": "Canonical",
                "sku": "16.04-LTS",
                "version": "latest"
              }
            ],
            "storage_os_disk": [
              {
                "caching": "ReadWrite",
                "create_option": "FromImage",
                "disk_size_gb": 30,
                "image_uri": "",
                "managed_disk_id": "/subscriptions/f14a2862-f0f0-4a3a-83c3-6eaef8dd83bc/resourceGroups/DEVOPS-K8S-RESOURCES/providers/Microsoft.Compute/disks/myosdisk-master",
                "managed_disk_type": "Standard_LRS",
                "name": "myosdisk-master",
                "os_type": "Linux",
                "vhd_uri": "",
                "write_accelerator_enabled": false
              }
            ],
            "tags": {
              "environment": "staging"
            },
            "timeouts": null,
            "vm_size": "Standard_D2s_v3",
            "zones": []
          },
          "private": "eyJlMmJmYjczMC1lY2FhLTExZTYtOGY4OC0zNDM2M2JjN2M0YzAiOnsiY3JlYXRlIjozNjAwMDAwMDAwMDAwLCJkZWxldGUiOjM2MDAwMDAwMDAwMDAsInJlYWQiOjMwMDAwMDAwMDAwMCwidXBkYXRlIjozNjAwMDAwMDAwMDAwfX0=",
          "dependencies": [
            "azurerm_network_interface.nic-k8s-master",
            "azurerm_resource_group.rg-k8s"
          ]
        }
      ]
    },
    {
      "mode": "managed",
      "type": "azurerm_virtual_machine",
      "name": "vm-monitoring",
      "provider": "provider.azurerm",
      "instances": [
        {
          "schema_version": 0,
          "attributes": {
            "additional_capabilities": [],
            "availability_set_id": null,
            "boot_diagnostics": [],
            "delete_data_disks_on_termination": false,
            "delete_os_disk_on_termination": false,
            "id": "/subscriptions/f14a2862-f0f0-4a3a-83c3-6eaef8dd83bc/resourceGroups/devops-resources/providers/Microsoft.Compute/virtualMachines/devops-vm-monitoring",
            "identity": [],
            "license_type": null,
            "location": "westus2",
            "name": "devops-vm-monitoring",
            "network_interface_ids": [
              "/subscriptions/f14a2862-f0f0-4a3a-83c3-6eaef8dd83bc/resourceGroups/devops-resources/providers/Microsoft.Network/networkInterfaces/devops-nic-monitoring"
            ],
            "os_profile": [
              {
                "admin_password": "",
                "admin_username": "alfredo",
                "computer_name": "vm-monitoring",
                "custom_data": ""
              }
            ],
            "os_profile_linux_config": [
              {
                "disable_password_authentication": false,
                "ssh_keys": []
              }
            ],
            "os_profile_secrets": [],
            "os_profile_windows_config": [],
            "plan": [],
            "primary_network_interface_id": null,
            "proximity_placement_group_id": null,
            "resource_group_name": "devops-resources",
            "storage_data_disk": [],
            "storage_image_reference": [
              {
                "id": "",
                "offer": "UbuntuServer",
                "publisher": "Canonical",
                "sku": "16.04-LTS",
                "version": "latest"
              }
            ],
            "storage_os_disk": [
              {
                "caching": "ReadWrite",
                "create_option": "FromImage",
                "disk_size_gb": 30,
                "image_uri": "",
                "managed_disk_id": "/subscriptions/f14a2862-f0f0-4a3a-83c3-6eaef8dd83bc/resourceGroups/DEVOPS-RESOURCES/providers/Microsoft.Compute/disks/myosdisk-monitoring",
                "managed_disk_type": "Standard_LRS",
                "name": "myosdisk-monitoring",
                "os_type": "Linux",
                "vhd_uri": "",
                "write_accelerator_enabled": false
              }
            ],
            "tags": {
              "environment": "staging"
            },
            "timeouts": null,
            "vm_size": "Standard_DS1_v2",
            "zones": []
          },
          "private": "eyJlMmJmYjczMC1lY2FhLTExZTYtOGY4OC0zNDM2M2JjN2M0YzAiOnsiY3JlYXRlIjozNjAwMDAwMDAwMDAwLCJkZWxldGUiOjM2MDAwMDAwMDAwMDAsInJlYWQiOjMwMDAwMDAwMDAwMCwidXBkYXRlIjozNjAwMDAwMDAwMDAwfX0=",
          "dependencies": [
            "azurerm_network_interface.nic-monitoring",
            "azurerm_resource_group.rg",
            "azurerm_subnet.sn-monitoring",
            "azurerm_virtual_network.vn"
          ]
        }
      ]
    },
    {
      "mode": "managed",
      "type": "azurerm_virtual_machine",
      "name": "vm-node",
      "provider": "provider.azurerm",
      "instances": [
        {
          "schema_version": 0,
          "attributes": {
            "additional_capabilities": [],
            "availability_set_id": null,
            "boot_diagnostics": [],
            "delete_data_disks_on_termination": false,
            "delete_os_disk_on_termination": false,
            "id": "/subscriptions/f14a2862-f0f0-4a3a-83c3-6eaef8dd83bc/resourceGroups/devops-k8s-resources/providers/Microsoft.Compute/virtualMachines/devops-k8s-vm-node",
            "identity": [],
            "license_type": null,
            "location": "centralus",
            "name": "devops-k8s-vm-node",
            "network_interface_ids": [
              "/subscriptions/f14a2862-f0f0-4a3a-83c3-6eaef8dd83bc/resourceGroups/devops-k8s-resources/providers/Microsoft.Network/networkInterfaces/devops-k8s-nic-k8s-node"
            ],
            "os_profile": [
              {
                "admin_password": "",
                "admin_username": "alfredo",
                "computer_name": "vm-node",
                "custom_data": ""
              }
            ],
            "os_profile_linux_config": [
              {
                "disable_password_authentication": false,
                "ssh_keys": []
              }
            ],
            "os_profile_secrets": [],
            "os_profile_windows_config": [],
            "plan": [],
            "primary_network_interface_id": null,
            "proximity_placement_group_id": null,
            "resource_group_name": "devops-k8s-resources",
            "storage_data_disk": [],
            "storage_image_reference": [
              {
                "id": "",
                "offer": "UbuntuServer",
                "publisher": "Canonical",
                "sku": "16.04-LTS",
                "version": "latest"
              }
            ],
            "storage_os_disk": [
              {
                "caching": "ReadWrite",
                "create_option": "FromImage",
                "disk_size_gb": 30,
                "image_uri": "",
                "managed_disk_id": "/subscriptions/f14a2862-f0f0-4a3a-83c3-6eaef8dd83bc/resourceGroups/DEVOPS-K8S-RESOURCES/providers/Microsoft.Compute/disks/myosdisk-node",
                "managed_disk_type": "Standard_LRS",
                "name": "myosdisk-node",
                "os_type": "Linux",
                "vhd_uri": "",
                "write_accelerator_enabled": false
              }
            ],
            "tags": {
              "environment": "staging"
            },
            "timeouts": null,
            "vm_size": "Standard_D2s_v3",
            "zones": []
          },
          "private": "eyJlMmJmYjczMC1lY2FhLTExZTYtOGY4OC0zNDM2M2JjN2M0YzAiOnsiY3JlYXRlIjozNjAwMDAwMDAwMDAwLCJkZWxldGUiOjM2MDAwMDAwMDAwMDAsInJlYWQiOjMwMDAwMDAwMDAwMCwidXBkYXRlIjozNjAwMDAwMDAwMDAwfX0=",
          "dependencies": [
            "azurerm_network_interface.nic-k8s-node",
            "azurerm_resource_group.rg-k8s"
          ]
        }
      ]
    },
    {
      "mode": "managed",
      "type": "azurerm_virtual_network",
      "name": "vn",
      "provider": "provider.azurerm",
      "instances": [
        {
          "schema_version": 0,
          "attributes": {
            "address_space": [
              "10.0.0.0/16"
            ],
            "ddos_protection_plan": [],
            "dns_servers": [],
            "guid": "7ee3c619-c9f7-4dfc-b320-e195984d3525",
            "id": "/subscriptions/f14a2862-f0f0-4a3a-83c3-6eaef8dd83bc/resourceGroups/devops-resources/providers/Microsoft.Network/virtualNetworks/devops-network",
            "location": "westus2",
            "name": "devops-network",
            "resource_group_name": "devops-resources",
            "subnet": [
              {
                "address_prefix": "10.0.1.0/24",
                "id": "/subscriptions/f14a2862-f0f0-4a3a-83c3-6eaef8dd83bc/resourceGroups/devops-resources/providers/Microsoft.Network/virtualNetworks/devops-network/subnets/devops-sn-balanceador",
                "name": "devops-sn-balanceador",
                "security_group": ""
              },
              {
                "address_prefix": "10.0.3.0/24",
                "id": "/subscriptions/f14a2862-f0f0-4a3a-83c3-6eaef8dd83bc/resourceGroups/devops-resources/providers/Microsoft.Network/virtualNetworks/devops-network/subnets/devops-sn-monitoring",
                "name": "devops-sn-monitoring",
                "security_group": ""
              }
            ],
            "tags": {},
            "timeouts": null
          },
          "private": "eyJlMmJmYjczMC1lY2FhLTExZTYtOGY4OC0zNDM2M2JjN2M0YzAiOnsiY3JlYXRlIjoxODAwMDAwMDAwMDAwLCJkZWxldGUiOjE4MDAwMDAwMDAwMDAsInJlYWQiOjMwMDAwMDAwMDAwMCwidXBkYXRlIjoxODAwMDAwMDAwMDAwfX0=",
          "dependencies": [
            "azurerm_resource_group.rg"
          ]
        }
      ]
    },
    {
      "mode": "managed",
      "type": "azurerm_virtual_network",
      "name": "vn-k8s",
      "provider": "provider.azurerm",
      "instances": [
        {
          "schema_version": 0,
          "attributes": {
            "address_space": [
              "10.0.0.0/16"
            ],
            "ddos_protection_plan": [],
            "dns_servers": [],
            "guid": "a502d395-b7e7-44d2-8f1b-0e0ca55f1efa",
            "id": "/subscriptions/f14a2862-f0f0-4a3a-83c3-6eaef8dd83bc/resourceGroups/devops-k8s-resources/providers/Microsoft.Network/virtualNetworks/devops-k8s-network",
            "location": "centralus",
            "name": "devops-k8s-network",
            "resource_group_name": "devops-k8s-resources",
            "subnet": [
              {
                "address_prefix": "10.0.2.0/24",
                "id": "/subscriptions/f14a2862-f0f0-4a3a-83c3-6eaef8dd83bc/resourceGroups/devops-k8s-resources/providers/Microsoft.Network/virtualNetworks/devops-k8s-network/subnets/devops-k8s-sn-k8s",
                "name": "devops-k8s-sn-k8s",
                "security_group": ""
              }
            ],
            "tags": {},
            "timeouts": null
          },
          "private": "eyJlMmJmYjczMC1lY2FhLTExZTYtOGY4OC0zNDM2M2JjN2M0YzAiOnsiY3JlYXRlIjoxODAwMDAwMDAwMDAwLCJkZWxldGUiOjE4MDAwMDAwMDAwMDAsInJlYWQiOjMwMDAwMDAwMDAwMCwidXBkYXRlIjoxODAwMDAwMDAwMDAwfX0=",
          "dependencies": [
            "azurerm_resource_group.rg-k8s"
          ]
        }
      ]
    }
  ]
}
